// !$*UTF8*$!
{
	archiveVersion = 1;
	classes = {
	};
	objectVersion = 46;
	objects = {

/* Begin PBXCopyFilesBuildPhase section */
		9687502819F45A30006AB087 /* CopyFiles */ = {
			isa = PBXCopyFilesBuildPhase;
			buildActionMask = 2147483647;
			dstPath = "include/$(PRODUCT_NAME)";
			dstSubfolderSpec = 16;
			files = (
			);
			runOnlyForDeploymentPostprocessing = 0;
		};
/* End PBXCopyFilesBuildPhase section */

/* Begin PBXFileReference section */
		9687502A19F45A30006AB087 /* libHomebrewCore.a */ = {isa = PBXFileReference; explicitFileType = archive.ar; includeInIndex = 0; path = libHomebrewCore.a; sourceTree = BUILT_PRODUCTS_DIR; };
		9687503519F45A30006AB087 /* HomebrewCoreTests.xctest */ = {isa = PBXFileReference; explicitFileType = wrapper.cfbundle; includeInIndex = 0; path = HomebrewCoreTests.xctest; sourceTree = BUILT_PRODUCTS_DIR; };
		9687503819F45A30006AB087 /* Info.plist */ = {isa = PBXFileReference; lastKnownFileType = text.plist.xml; path = Info.plist; sourceTree = "<group>"; };
/* End PBXFileReference section */

/* Begin PBXFrameworksBuildPhase section */
		9687502719F45A30006AB087 /* Frameworks */ = {
			isa = PBXFrameworksBuildPhase;
			buildActionMask = 2147483647;
			files = (
			);
			runOnlyForDeploymentPostprocessing = 0;
		};
		9687503219F45A30006AB087 /* Frameworks */ = {
			isa = PBXFrameworksBuildPhase;
			buildActionMask = 2147483647;
			files = (
			);
			runOnlyForDeploymentPostprocessing = 0;
		};
/* End PBXFrameworksBuildPhase section */

/* Begin PBXGroup section */
		9687502119F45A30006AB087 = {
			isa = PBXGroup;
			children = (
				9687502C19F45A30006AB087 /* HomebrewCore */,
				9687503619F45A30006AB087 /* HomebrewCoreTests */,
				9687502B19F45A30006AB087 /* Products */,
			);
			sourceTree = "<group>";
		};
		9687502B19F45A30006AB087 /* Products */ = {
			isa = PBXGroup;
			children = (
				9687502A19F45A30006AB087 /* libHomebrewCore.a */,
				9687503519F45A30006AB087 /* HomebrewCoreTests.xctest */,
			);
			name = Products;
			sourceTree = "<group>";
		};
		9687502C19F45A30006AB087 /* HomebrewCore */ = {
			isa = PBXGroup;
			children = (
				9687504119F45A4F006AB087 /* Ingredients */,
			);
			path = HomebrewCore;
			sourceTree = "<group>";
		};
		9687503619F45A30006AB087 /* HomebrewCoreTests */ = {
			isa = PBXGroup;
			children = (
				9687503719F45A30006AB087 /* Supporting Files */,
			);
			path = HomebrewCoreTests;
			sourceTree = "<group>";
		};
		9687503719F45A30006AB087 /* Supporting Files */ = {
			isa = PBXGroup;
			children = (
				9687503819F45A30006AB087 /* Info.plist */,
			);
			name = "Supporting Files";
			sourceTree = "<group>";
		};
		9687504119F45A4F006AB087 /* Ingredients */ = {
			isa = PBXGroup;
			children = (
			);
			name = Ingredients;
			sourceTree = "<group>";
		};
/* End PBXGroup section */

/* Begin PBXNativeTarget section */
		9687502919F45A30006AB087 /* HomebrewCore */ = {
			isa = PBXNativeTarget;
			buildConfigurationList = 9687503B19F45A30006AB087 /* Build configuration list for PBXNativeTarget "HomebrewCore" */;
			buildPhases = (
				9687502619F45A30006AB087 /* Sources */,
				9687502719F45A30006AB087 /* Frameworks */,
				9687502819F45A30006AB087 /* CopyFiles */,
			);
			buildRules = (
			);
			dependencies = (
			);
			name = HomebrewCore;
			productName = HomebrewCore;
			productReference = 9687502A19F45A30006AB087 /* libHomebrewCore.a */;
			productType = "com.apple.product-type.library.static";
		};
		9687503419F45A30006AB087 /* HomebrewCoreTests */ = {
			isa = PBXNativeTarget;
			buildConfigurationList = 9687503E19F45A30006AB087 /* Build configuration list for PBXNativeTarget "HomebrewCoreTests" */;
			buildPhases = (
				9687503119F45A30006AB087 /* Sources */,
				9687503219F45A30006AB087 /* Frameworks */,
				9687503319F45A30006AB087 /* Resources */,
			);
			buildRules = (
			);
			dependencies = (
			);
			name = HomebrewCoreTests;
			productName = HomebrewCoreTests;
			productReference = 9687503519F45A30006AB087 /* HomebrewCoreTests.xctest */;
			productType = "com.apple.product-type.bundle.unit-test";
		};
/* End PBXNativeTarget section */

/* Begin PBXProject section */
		9687502219F45A30006AB087 /* Project object */ = {
			isa = PBXProject;
			attributes = {
				LastUpgradeCheck = 0600;
				ORGANIZATIONNAME = "Daryl MacLaughlin";
				TargetAttributes = {
					9687502919F45A30006AB087 = {
						CreatedOnToolsVersion = 6.0.1;
					};
					9687503419F45A30006AB087 = {
						CreatedOnToolsVersion = 6.0.1;
					};
				};
			};
			buildConfigurationList = 9687502519F45A30006AB087 /* Build configuration list for PBXProject "HomebrewCore" */;
			compatibilityVersion = "Xcode 3.2";
			developmentRegion = English;
			hasScannedForEncodings = 0;
			knownRegions = (
				en,
			);
			mainGroup = 9687502119F45A30006AB087;
			productRefGroup = 9687502B19F45A30006AB087 /* Products */;
			projectDirPath = "";
			projectRoot = "";
			targets = (
				9687502919F45A30006AB087 /* HomebrewCore */,
				9687503419F45A30006AB087 /* HomebrewCoreTests */,
			);
		};
/* End PBXProject section */

/* Begin PBXResourcesBuildPhase section */
		9687503319F45A30006AB087 /* Resources */ = {
			isa = PBXResourcesBuildPhase;
			buildActionMask = 2147483647;
			files = (
			);
			runOnlyForDeploymentPostprocessing = 0;
		};
/* End PBXResourcesBuildPhase section */

/* Begin PBXSourcesBuildPhase section */
		9687502619F45A30006AB087 /* Sources */ = {
			isa = PBXSourcesBuildPhase;
			buildActionMask = 2147483647;
			files = (
			);
			runOnlyForDeploymentPostprocessing = 0;
		};
		9687503119F45A30006AB087 /* Sources */ = {
			isa = PBXSourcesBuildPhase;
			buildActionMask = 2147483647;
			files = (
			);
			runOnlyForDeploymentPostprocessing = 0;
		};
/* End PBXSourcesBuildPhase section */

/* Begin XCBuildConfiguration section */
		9687503919F45A30006AB087 /* Debug */ = {
			isa = XCBuildConfiguration;
			buildSettings = {
				ALWAYS_SEARCH_USER_PATHS = NO;
				CLANG_CXX_LANGUAGE_STANDARD = "gnu++0x";
				CLANG_CXX_LIBRARY = "libc++";
				CLANG_ENABLE_MODULES = YES;
				CLANG_ENABLE_OBJC_ARC = YES;
				CLANG_WARN_BOOL_CONVERSION = YES;
				CLANG_WARN_CONSTANT_CONVERSION = YES;
				CLANG_WARN_DIRECT_OBJC_ISA_USAGE = YES_ERROR;
				CLANG_WARN_EMPTY_BODY = YES;
				CLANG_WARN_ENUM_CONVERSION = YES;
				CLANG_WARN_INT_CONVERSION = YES;
				CLANG_WARN_OBJC_ROOT_CLASS = YES_ERROR;
				CLANG_WARN_UNREACHABLE_CODE = YES;
				CLANG_WARN__DUPLICATE_METHOD_MATCH = YES;
				COPY_PHASE_STRIP = NO;
				ENABLE_STRICT_OBJC_MSGSEND = YES;
				GCC_C_LANGUAGE_STANDARD = gnu99;
				GCC_DYNAMIC_NO_PIC = NO;
				GCC_OPTIMIZATION_LEVEL = 0;
				GCC_PREPROCESSOR_DEFINITIONS = (
					"DEBUG=1",
					"$(inherited)",
				);
				GCC_SYMBOLS_PRIVATE_EXTERN = NO;
				GCC_WARN_64_TO_32_BIT_CONVERSION = YES;
				GCC_WARN_ABOUT_RETURN_TYPE = YES_ERROR;
				GCC_WARN_UNDECLARED_SELECTOR = YES;
				GCC_WARN_UNINITIALIZED_AUTOS = YES_AGGRESSIVE;
				GCC_WARN_UNUSED_FUNCTION = YES;
				GCC_WARN_UNUSED_VARIABLE = YES;
				IPHONEOS_DEPLOYMENT_TARGET = 8.0;
				MTL_ENABLE_DEBUG_INFO = YES;
				ONLY_ACTIVE_ARCH = YES;
				SDKROOT = iphoneos;
			};
			name = Debug;
		};
		9687503A19F45A30006AB087 /* Release */ = {
			isa = XCBuildConfiguration;
			buildSettings = {
				ALWAYS_SEARCH_USER_PATHS = NO;
				CLANG_CXX_LANGUAGE_STANDARD = "gnu++0x";
				CLANG_CXX_LIBRARY = "libc++";
				CLANG_ENABLE_MODULES = YES;
				CLANG_ENABLE_OBJC_ARC = YES;
				CLANG_WARN_BOOL_CONVERSION = YES;
				CLANG_WARN_CONSTANT_CONVERSION = YES;
				CLANG_WARN_DIRECT_OBJC_ISA_USAGE = YES_ERROR;
				CLANG_WARN_EMPTY_BODY = YES;
				CLANG_WARN_ENUM_CONVERSION = YES;
				CLANG_WARN_INT_CONVERSION = YES;
				CLANG_WARN_OBJC_ROOT_CLASS = YES_ERROR;
				CLANG_WARN_UNREACHABLE_CODE = YES;
				CLANG_WARN__DUPLICATE_METHOD_MATCH = YES;
				COPY_PHASE_STRIP = YES;
				ENABLE_NS_ASSERTIONS = NO;
				ENABLE_STRICT_OBJC_MSGSEND = YES;
				GCC_C_LANGUAGE_STANDARD = gnu99;
				GCC_WARN_64_TO_32_BIT_CONVERSION = YES;
				GCC_WARN_ABOUT_RETURN_TYPE = YES_ERROR;
				GCC_WARN_UNDECLARED_SELECTOR = YES;
				GCC_WARN_UNINITIALIZED_AUTOS = YES_AGGRESSIVE;
				GCC_WARN_UNUSED_FUNCTION = YES;
				GCC_WARN_UNUSED_VARIABLE = YES;
				IPHONEOS_DEPLOYMENT_TARGET = 8.0;
				MTL_ENABLE_DEBUG_INFO = NO;
				SDKROOT = iphoneos;
				VALIDATE_PRODUCT = YES;
			};
			name = Release;
		};
		9687503C19F45A30006AB087 /* Debug */ = {
			isa = XCBuildConfiguration;
			buildSettings = {
				OTHER_LDFLAGS = "-ObjC";
				PRODUCT_NAME = "$(TARGET_NAME)";
				SKIP_INSTALL = YES;
			};
			name = Debug;
		};
		9687503D19F45A30006AB087 /* Release */ = {
			isa = XCBuildConfiguration;
			buildSettings = {
				OTHER_LDFLAGS = "-ObjC";
				PRODUCT_NAME = "$(TARGET_NAME)";
				SKIP_INSTALL = YES;
			};
			name = Release;
		};
		9687503F19F45A30006AB087 /* Debug */ = {
			isa = XCBuildConfiguration;
			buildSettings = {
				FRAMEWORK_SEARCH_PATHS = (
					"$(SDKROOT)/Developer/Library/Frameworks",
					"$(inherited)",
				);
				GCC_PREPROCESSOR_DEFINITIONS = (
					"DEBUG=1",
					"$(inherited)",
				);
				INFOPLIST_FILE = HomebrewCoreTests/Info.plist;
				LD_RUNPATH_SEARCH_PATHS = "$(inherited) @executable_path/Frameworks @loader_path/Frameworks";
				PRODUCT_NAME = "$(TARGET_NAME)";
			};
			name = Debug;
		};
		9687504019F45A30006AB087 /* Release */ = {
			isa = XCBuildConfiguration;
			buildSettings = {
				FRAMEWORK_SEARCH_PATHS = (
					"$(SDKROOT)/Developer/Library/Frameworks",
					"$(inherited)",
				);
				INFOPLIST_FILE = HomebrewCoreTests/Info.plist;
				LD_RUNPATH_SEARCH_PATHS = "$(inherited) @executable_path/Frameworks @loader_path/Frameworks";
				PRODUCT_NAME = "$(TARGET_NAME)";
			};
			name = Release;
		};
/* End XCBuildConfiguration section */

/* Begin XCConfigurationList section */
		9687502519F45A30006AB087 /* Build configuration list for PBXProject "HomebrewCore" */ = {
			isa = XCConfigurationList;
			buildConfigurations = (
				9687503919F45A30006AB087 /* Debug */,
				9687503A19F45A30006AB087 /* Release */,
			);
			defaultConfigurationIsVisible = 0;
			defaultConfigurationName = Release;
		};
		9687503B19F45A30006AB087 /* Build configuration list for PBXNativeTarget "HomebrewCore" */ = {
			isa = XCConfigurationList;
			buildConfigurations = (
				9687503C19F45A30006AB087 /* Debug */,
				9687503D19F45A30006AB087 /* Release */,
			);
			defaultConfigurationIsVisible = 0;
		};
		9687503E19F45A30006AB087 /* Build configuration list for PBXNativeTarget "HomebrewCoreTests" */ = {
			isa = XCConfigurationList;
			buildConfigurations = (
				9687503F19F45A30006AB087 /* Debug */,
				9687504019F45A30006AB087 /* Release */,
			);
			defaultConfigurationIsVisible = 0;
		};
/* End XCConfigurationList section */
	};
	rootObject = 9687502219F45A30006AB087 /* Project object */;
}
